
Microsoft Visual Studio Solution File, Format Version 12.00
Project("{FAE04EC0-301F-11D3-BF4B-00C04F79EFBC}") = "Dwight", "Dwight.csproj", "{B789AD0C-4381-47A3-8DB5-ED99AEEFFC25}"
EndProject
Global
	GlobalSection(SolutionConfigurationPlatforms) = preSolution
		Debug|Any CPU = Debug|Any CPU
		Release|Any CPU = Release|Any CPU
	EndGlobalSection
	GlobalSection(ProjectConfigurationPlatforms) = postSolution
		{B789AD0C-4381-47A3-8DB5-ED99AEEFFC25}.Debug|Any CPU.ActiveCfg = Debug|Any CPU
		{B789AD0C-4381-47A3-8DB5-ED99AEEFFC25}.Debug|Any CPU.Build.0 = Debug|Any CPU
		{B789AD0C-4381-47A3-8DB5-ED99AEEFFC25}.Release|Any CPU.ActiveCfg = Release|Any CPU
		{B789AD0C-4381-47A3-8DB5-ED99AEEFFC25}.Release|Any CPU.Build.0 = Release|Any CPU
	EndGlobalSection
EndGlobal
